
Microsoft Visual Studio Solution File, Format Version 12.00
# Visual Studio 14
VisualStudioVersion = 14.0.25420.1
MinimumVisualStudioVersion = 10.0.40219.1
Project("{FAE04EC0-301F-11D3-BF4B-00C04F79EFBC}") = "Chat", "Chat\Chat.csproj", "{EA7FEFD5-3B35-4421-94C5-69FA01703400}"
EndProject
Project("{FAE04EC0-301F-11D3-BF4B-00C04F79EFBC}") = "Server", "Server\Server.csproj", "{57F11534-FAF0-4B5F-AB00-B6E0D9D8848A}"
EndProject
Global
	GlobalSection(SolutionConfigurationPlatforms) = preSolution
		Debug|Any CPU = Debug|Any CPU
		Release|Any CPU = Release|Any CPU
	EndGlobalSection
	GlobalSection(ProjectConfigurationPlatforms) = postSolution
		{EA7FEFD5-3B35-4421-94C5-69FA01703400}.Debug|Any CPU.ActiveCfg = Debug|Any CPU
		{EA7FEFD5-3B35-4421-94C5-69FA01703400}.Debug|Any CPU.Build.0 = Debug|Any CPU
		{EA7FEFD5-3B35-4421-94C5-69FA01703400}.Release|Any CPU.ActiveCfg = Release|Any CPU
		{EA7FEFD5-3B35-4421-94C5-69FA01703400}.Release|Any CPU.Build.0 = Release|Any CPU
		{57F11534-FAF0-4B5F-AB00-B6E0D9D8848A}.Debug|Any CPU.ActiveCfg = Debug|Any CPU
		{57F11534-FAF0-4B5F-AB00-B6E0D9D8848A}.Debug|Any CPU.Build.0 = Debug|Any CPU
		{57F11534-FAF0-4B5F-AB00-B6E0D9D8848A}.Release|Any CPU.ActiveCfg = Release|Any CPU
		{57F11534-FAF0-4B5F-AB00-B6E0D9D8848A}.Release|Any CPU.Build.0 = Release|Any CPU
	EndGlobalSection
	GlobalSection(SolutionProperties) = preSolution
		HideSolutionNode = FALSE
	EndGlobalSection
EndGlobal
